
Microsoft Visual Studio Solution File, Format Version 12.00
# Visual Studio 15
VisualStudioVersion = 15.0.28307.136
MinimumVisualStudioVersion = 10.0.40219.1
Project("{8BC9CEB8-8B4A-11D0-8D11-00A0C91BC942}") = "Warcaby", "Warcaby.vcxproj", "{CE8D9231-80CC-451A-9457-EA421C2099EA}"
EndProject
Project("{54435603-DBB4-11D2-8724-00A0C9A8B90C}") = "Setup2", "..\Setup2\Setup2.vdproj", "{FDE75A6A-4620-4228-B25F-2BE9B8F7DCAF}"
EndProject
Global
	GlobalSection(SolutionConfigurationPlatforms) = preSolution
		Debug|x64 = Debug|x64
		Debug|x86 = Debug|x86
		Release|x64 = Release|x64
		Release|x86 = Release|x86
	EndGlobalSection
	GlobalSection(ProjectConfigurationPlatforms) = postSolution
		{CE8D9231-80CC-451A-9457-EA421C2099EA}.Debug|x64.ActiveCfg = Debug|x64
		{CE8D9231-80CC-451A-9457-EA421C2099EA}.Debug|x64.Build.0 = Debug|x64
		{CE8D9231-80CC-451A-9457-EA421C2099EA}.Debug|x86.ActiveCfg = Debug|Win32
		{CE8D9231-80CC-451A-9457-EA421C2099EA}.Debug|x86.Build.0 = Debug|Win32
		{CE8D9231-80CC-451A-9457-EA421C2099EA}.Release|x64.ActiveCfg = Release|x64
		{CE8D9231-80CC-451A-9457-EA421C2099EA}.Release|x64.Build.0 = Release|x64
		{CE8D9231-80CC-451A-9457-EA421C2099EA}.Release|x86.ActiveCfg = Release|Win32
		{CE8D9231-80CC-451A-9457-EA421C2099EA}.Release|x86.Build.0 = Release|Win32
		{FDE75A6A-4620-4228-B25F-2BE9B8F7DCAF}.Debug|x64.ActiveCfg = Debug
		{FDE75A6A-4620-4228-B25F-2BE9B8F7DCAF}.Debug|x86.ActiveCfg = Debug
		{FDE75A6A-4620-4228-B25F-2BE9B8F7DCAF}.Release|x64.ActiveCfg = Release
		{FDE75A6A-4620-4228-B25F-2BE9B8F7DCAF}.Release|x86.ActiveCfg = Release
		{FDE75A6A-4620-4228-B25F-2BE9B8F7DCAF}.Release|x86.Build.0 = Release
	EndGlobalSection
	GlobalSection(SolutionProperties) = preSolution
		HideSolutionNode = FALSE
	EndGlobalSection
	GlobalSection(ExtensibilityGlobals) = postSolution
		SolutionGuid = {128F97A5-F1BA-4B00-9024-5229A56E13C0}
	EndGlobalSection
EndGlobal
